
Microsoft Visual Studio Solution File, Format Version 12.00
# Visual Studio 15
VisualStudioVersion = 15.0.28307.421
MinimumVisualStudioVersion = 10.0.40219.1
Project("{9A19103F-16F7-4668-BE54-9A1E7A4F7556}") = "Api", "Api\Api.csproj", "{A7F8C7DC-D5BE-43B5-94FE-B66DB0E132F1}"
EndProject
Project("{9A19103F-16F7-4668-BE54-9A1E7A4F7556}") = "Api.BusinessLogicLayer", "Api.BusinessLogicLayer\Api.BusinessLogicLayer.csproj", "{C58A6636-E043-433C-B7D5-1E78B5E7B285}"
EndProject
Project("{9A19103F-16F7-4668-BE54-9A1E7A4F7556}") = "Api.DataAccessLayer", "Api.DataAccessLayer\Api.DataAccessLayer.csproj", "{5F21EC2C-41CE-4F60-AC9C-F1978DA3369C}"
EndProject
Project("{9A19103F-16F7-4668-BE54-9A1E7A4F7556}") = "Api.UnitTests", "Api.UnitTests\Api.UnitTests.csproj", "{F4F46E48-49A2-4959-9725-AF6F27363895}"
EndProject
Project("{9A19103F-16F7-4668-BE54-9A1E7A4F7556}") = "Api.BusinessLogicLayer.UnitTests", "Api.BusinessLogicLayer.UnitTests\Api.BusinessLogicLayer.UnitTests.csproj", "{1FE9356E-3E4C-4772-A2C0-EDF24A115E60}"
EndProject
Project("{9A19103F-16F7-4668-BE54-9A1E7A4F7556}") = "Api.DataAccessLayer.UnitTests", "Api.DataAccessLayer.UnitTests\Api.DataAccessLayer.UnitTests.csproj", "{CDE7DC32-349A-454A-A6B6-0F25DC73CBA3}"
EndProject
Project("{9A19103F-16F7-4668-BE54-9A1E7A4F7556}") = "Api.IntegrationTests", "Api.IntegrationTests\Api.IntegrationTests.csproj", "{16456F56-FE94-4F7D-8ACC-C3CFC408A4B8}"
EndProject
Project("{9A19103F-16F7-4668-BE54-9A1E7A4F7556}") = "CustomExceptions", "CustomExceptions\CustomExceptions.csproj", "{5E4649B6-7960-4A57-9E9D-3B5F976BA81F}"
EndProject
Global
	GlobalSection(SolutionConfigurationPlatforms) = preSolution
		Debug|Any CPU = Debug|Any CPU
		Release|Any CPU = Release|Any CPU
	EndGlobalSection
	GlobalSection(ProjectConfigurationPlatforms) = postSolution
		{A7F8C7DC-D5BE-43B5-94FE-B66DB0E132F1}.Debug|Any CPU.ActiveCfg = Debug|Any CPU
		{A7F8C7DC-D5BE-43B5-94FE-B66DB0E132F1}.Debug|Any CPU.Build.0 = Debug|Any CPU
		{A7F8C7DC-D5BE-43B5-94FE-B66DB0E132F1}.Release|Any CPU.ActiveCfg = Release|Any CPU
		{A7F8C7DC-D5BE-43B5-94FE-B66DB0E132F1}.Release|Any CPU.Build.0 = Release|Any CPU
		{C58A6636-E043-433C-B7D5-1E78B5E7B285}.Debug|Any CPU.ActiveCfg = Debug|Any CPU
		{C58A6636-E043-433C-B7D5-1E78B5E7B285}.Debug|Any CPU.Build.0 = Debug|Any CPU
		{C58A6636-E043-433C-B7D5-1E78B5E7B285}.Release|Any CPU.ActiveCfg = Release|Any CPU
		{C58A6636-E043-433C-B7D5-1E78B5E7B285}.Release|Any CPU.Build.0 = Release|Any CPU
		{5F21EC2C-41CE-4F60-AC9C-F1978DA3369C}.Debug|Any CPU.ActiveCfg = Debug|Any CPU
		{5F21EC2C-41CE-4F60-AC9C-F1978DA3369C}.Debug|Any CPU.Build.0 = Debug|Any CPU
		{5F21EC2C-41CE-4F60-AC9C-F1978DA3369C}.Release|Any CPU.ActiveCfg = Release|Any CPU
		{5F21EC2C-41CE-4F60-AC9C-F1978DA3369C}.Release|Any CPU.Build.0 = Release|Any CPU
		{F4F46E48-49A2-4959-9725-AF6F27363895}.Debug|Any CPU.ActiveCfg = Debug|Any CPU
		{F4F46E48-49A2-4959-9725-AF6F27363895}.Debug|Any CPU.Build.0 = Debug|Any CPU
		{F4F46E48-49A2-4959-9725-AF6F27363895}.Release|Any CPU.ActiveCfg = Release|Any CPU
		{F4F46E48-49A2-4959-9725-AF6F27363895}.Release|Any CPU.Build.0 = Release|Any CPU
		{1FE9356E-3E4C-4772-A2C0-EDF24A115E60}.Debug|Any CPU.ActiveCfg = Debug|Any CPU
		{1FE9356E-3E4C-4772-A2C0-EDF24A115E60}.Debug|Any CPU.Build.0 = Debug|Any CPU
		{1FE9356E-3E4C-4772-A2C0-EDF24A115E60}.Release|Any CPU.ActiveCfg = Release|Any CPU
		{1FE9356E-3E4C-4772-A2C0-EDF24A115E60}.Release|Any CPU.Build.0 = Release|Any CPU
		{CDE7DC32-349A-454A-A6B6-0F25DC73CBA3}.Debug|Any CPU.ActiveCfg = Debug|Any CPU
		{CDE7DC32-349A-454A-A6B6-0F25DC73CBA3}.Debug|Any CPU.Build.0 = Debug|Any CPU
		{CDE7DC32-349A-454A-A6B6-0F25DC73CBA3}.Release|Any CPU.ActiveCfg = Release|Any CPU
		{CDE7DC32-349A-454A-A6B6-0F25DC73CBA3}.Release|Any CPU.Build.0 = Release|Any CPU
		{16456F56-FE94-4F7D-8ACC-C3CFC408A4B8}.Debug|Any CPU.ActiveCfg = Debug|Any CPU
		{16456F56-FE94-4F7D-8ACC-C3CFC408A4B8}.Debug|Any CPU.Build.0 = Debug|Any CPU
		{16456F56-FE94-4F7D-8ACC-C3CFC408A4B8}.Release|Any CPU.ActiveCfg = Release|Any CPU
		{16456F56-FE94-4F7D-8ACC-C3CFC408A4B8}.Release|Any CPU.Build.0 = Release|Any CPU
		{5E4649B6-7960-4A57-9E9D-3B5F976BA81F}.Debug|Any CPU.ActiveCfg = Debug|Any CPU
		{5E4649B6-7960-4A57-9E9D-3B5F976BA81F}.Debug|Any CPU.Build.0 = Debug|Any CPU
		{5E4649B6-7960-4A57-9E9D-3B5F976BA81F}.Release|Any CPU.ActiveCfg = Release|Any CPU
		{5E4649B6-7960-4A57-9E9D-3B5F976BA81F}.Release|Any CPU.Build.0 = Release|Any CPU
	EndGlobalSection
	GlobalSection(SolutionProperties) = preSolution
		HideSolutionNode = FALSE
	EndGlobalSection
	GlobalSection(ExtensibilityGlobals) = postSolution
		SolutionGuid = {2A19DC35-C64A-45AD-A2A1-4C2202246FCC}
	EndGlobalSection
EndGlobal
